
Microsoft Visual Studio Solution File, Format Version 12.00
# Visual Studio Version 16
VisualStudioVersion = 16.0.29709.97
MinimumVisualStudioVersion = 10.0.40219.1
Project("{9A19103F-16F7-4668-BE54-9A1E7A4F7556}") = "RentMe", "RentMe\RentMe.csproj", "{0D38D982-6B0E-4D32-9BAA-BB0FFA6DBDB6}"
EndProject
Project("{D954291E-2A0B-460D-934E-DC6B0785DB48}") = "SharedCode", "SharedCode\SharedCode.shproj", "{F319BAE5-9D02-401D-8F7D-E8DEC7FEEE35}"
EndProject
Project("{9A19103F-16F7-4668-BE54-9A1E7A4F7556}") = "RentMeEmployee", "RentMeEmployee\RentMeEmployee.csproj", "{09A751D3-350F-4C0D-8356-6B3E316D732E}"
EndProject
Project("{FAE04EC0-301F-11D3-BF4B-00C04F79EFBC}") = "RentMeDesktop", "RentMeDesktop\RentMeDesktop.csproj", "{2A368E10-F27A-4A12-A402-C02C69DE7BAE}"
EndProject
Project("{9A19103F-16F7-4668-BE54-9A1E7A4F7556}") = "RentMeTests", "RentMeTests\RentMeTests.csproj", "{D1B31D96-AFC8-4782-9CB6-8605A05351E5}"
EndProject
Project("{9A19103F-16F7-4668-BE54-9A1E7A4F7556}") = "RentMeEmployeeTests", "RentMeEmployeeTests\RentMeEmployeeTests.csproj", "{5F0AFEB0-CE59-4267-84BB-CCA6986191B1}"
EndProject
Project("{FAE04EC0-301F-11D3-BF4B-00C04F79EFBC}") = "RentMeDesktopTests", "RentMeDesktopTests\RentMeDesktopTests.csproj", "{2083CF4F-087F-4FB1-909D-993A56C7B82A}"
EndProject
Global
	GlobalSection(SharedMSBuildProjectFiles) = preSolution
		SharedCode\SharedCode.projitems*{2a368e10-f27a-4a12-a402-c02c69de7bae}*SharedItemsImports = 4
		SharedCode\SharedCode.projitems*{f319bae5-9d02-401d-8f7d-e8dec7feee35}*SharedItemsImports = 13
	EndGlobalSection
	GlobalSection(SolutionConfigurationPlatforms) = preSolution
		Debug|Any CPU = Debug|Any CPU
		Debug|ARM = Debug|ARM
		Debug|ARM64 = Debug|ARM64
		Debug|x64 = Debug|x64
		Debug|x86 = Debug|x86
		Release|Any CPU = Release|Any CPU
		Release|ARM = Release|ARM
		Release|ARM64 = Release|ARM64
		Release|x64 = Release|x64
		Release|x86 = Release|x86
	EndGlobalSection
	GlobalSection(ProjectConfigurationPlatforms) = postSolution
		{0D38D982-6B0E-4D32-9BAA-BB0FFA6DBDB6}.Debug|Any CPU.ActiveCfg = Debug|Any CPU
		{0D38D982-6B0E-4D32-9BAA-BB0FFA6DBDB6}.Debug|Any CPU.Build.0 = Debug|Any CPU
		{0D38D982-6B0E-4D32-9BAA-BB0FFA6DBDB6}.Debug|ARM.ActiveCfg = Debug|Any CPU
		{0D38D982-6B0E-4D32-9BAA-BB0FFA6DBDB6}.Debug|ARM.Build.0 = Debug|Any CPU
		{0D38D982-6B0E-4D32-9BAA-BB0FFA6DBDB6}.Debug|ARM64.ActiveCfg = Debug|Any CPU
		{0D38D982-6B0E-4D32-9BAA-BB0FFA6DBDB6}.Debug|ARM64.Build.0 = Debug|Any CPU
		{0D38D982-6B0E-4D32-9BAA-BB0FFA6DBDB6}.Debug|x64.ActiveCfg = Debug|Any CPU
		{0D38D982-6B0E-4D32-9BAA-BB0FFA6DBDB6}.Debug|x64.Build.0 = Debug|Any CPU
		{0D38D982-6B0E-4D32-9BAA-BB0FFA6DBDB6}.Debug|x86.ActiveCfg = Debug|Any CPU
		{0D38D982-6B0E-4D32-9BAA-BB0FFA6DBDB6}.Debug|x86.Build.0 = Debug|Any CPU
		{0D38D982-6B0E-4D32-9BAA-BB0FFA6DBDB6}.Release|Any CPU.ActiveCfg = Release|Any CPU
		{0D38D982-6B0E-4D32-9BAA-BB0FFA6DBDB6}.Release|Any CPU.Build.0 = Release|Any CPU
		{0D38D982-6B0E-4D32-9BAA-BB0FFA6DBDB6}.Release|ARM.ActiveCfg = Release|Any CPU
		{0D38D982-6B0E-4D32-9BAA-BB0FFA6DBDB6}.Release|ARM.Build.0 = Release|Any CPU
		{0D38D982-6B0E-4D32-9BAA-BB0FFA6DBDB6}.Release|ARM64.ActiveCfg = Release|Any CPU
		{0D38D982-6B0E-4D32-9BAA-BB0FFA6DBDB6}.Release|ARM64.Build.0 = Release|Any CPU
		{0D38D982-6B0E-4D32-9BAA-BB0FFA6DBDB6}.Release|x64.ActiveCfg = Release|Any CPU
		{0D38D982-6B0E-4D32-9BAA-BB0FFA6DBDB6}.Release|x64.Build.0 = Release|Any CPU
		{0D38D982-6B0E-4D32-9BAA-BB0FFA6DBDB6}.Release|x86.ActiveCfg = Release|Any CPU
		{0D38D982-6B0E-4D32-9BAA-BB0FFA6DBDB6}.Release|x86.Build.0 = Release|Any CPU
		{09A751D3-350F-4C0D-8356-6B3E316D732E}.Debug|Any CPU.ActiveCfg = Debug|Any CPU
		{09A751D3-350F-4C0D-8356-6B3E316D732E}.Debug|Any CPU.Build.0 = Debug|Any CPU
		{09A751D3-350F-4C0D-8356-6B3E316D732E}.Debug|ARM.ActiveCfg = Debug|Any CPU
		{09A751D3-350F-4C0D-8356-6B3E316D732E}.Debug|ARM.Build.0 = Debug|Any CPU
		{09A751D3-350F-4C0D-8356-6B3E316D732E}.Debug|ARM64.ActiveCfg = Debug|Any CPU
		{09A751D3-350F-4C0D-8356-6B3E316D732E}.Debug|ARM64.Build.0 = Debug|Any CPU
		{09A751D3-350F-4C0D-8356-6B3E316D732E}.Debug|x64.ActiveCfg = Debug|Any CPU
		{09A751D3-350F-4C0D-8356-6B3E316D732E}.Debug|x64.Build.0 = Debug|Any CPU
		{09A751D3-350F-4C0D-8356-6B3E316D732E}.Debug|x86.ActiveCfg = Debug|Any CPU
		{09A751D3-350F-4C0D-8356-6B3E316D732E}.Debug|x86.Build.0 = Debug|Any CPU
		{09A751D3-350F-4C0D-8356-6B3E316D732E}.Release|Any CPU.ActiveCfg = Release|Any CPU
		{09A751D3-350F-4C0D-8356-6B3E316D732E}.Release|Any CPU.Build.0 = Release|Any CPU
		{09A751D3-350F-4C0D-8356-6B3E316D732E}.Release|ARM.ActiveCfg = Release|Any CPU
		{09A751D3-350F-4C0D-8356-6B3E316D732E}.Release|ARM.Build.0 = Release|Any CPU
		{09A751D3-350F-4C0D-8356-6B3E316D732E}.Release|ARM64.ActiveCfg = Release|Any CPU
		{09A751D3-350F-4C0D-8356-6B3E316D732E}.Release|ARM64.Build.0 = Release|Any CPU
		{09A751D3-350F-4C0D-8356-6B3E316D732E}.Release|x64.ActiveCfg = Release|Any CPU
		{09A751D3-350F-4C0D-8356-6B3E316D732E}.Release|x64.Build.0 = Release|Any CPU
		{09A751D3-350F-4C0D-8356-6B3E316D732E}.Release|x86.ActiveCfg = Release|Any CPU
		{09A751D3-350F-4C0D-8356-6B3E316D732E}.Release|x86.Build.0 = Release|Any CPU
		{2A368E10-F27A-4A12-A402-C02C69DE7BAE}.Debug|Any CPU.ActiveCfg = Debug|x86
		{2A368E10-F27A-4A12-A402-C02C69DE7BAE}.Debug|ARM.ActiveCfg = Debug|ARM
		{2A368E10-F27A-4A12-A402-C02C69DE7BAE}.Debug|ARM.Build.0 = Debug|ARM
		{2A368E10-F27A-4A12-A402-C02C69DE7BAE}.Debug|ARM.Deploy.0 = Debug|ARM
		{2A368E10-F27A-4A12-A402-C02C69DE7BAE}.Debug|ARM64.ActiveCfg = Debug|ARM64
		{2A368E10-F27A-4A12-A402-C02C69DE7BAE}.Debug|ARM64.Build.0 = Debug|ARM64
		{2A368E10-F27A-4A12-A402-C02C69DE7BAE}.Debug|ARM64.Deploy.0 = Debug|ARM64
		{2A368E10-F27A-4A12-A402-C02C69DE7BAE}.Debug|x64.ActiveCfg = Debug|x64
		{2A368E10-F27A-4A12-A402-C02C69DE7BAE}.Debug|x64.Build.0 = Debug|x64
		{2A368E10-F27A-4A12-A402-C02C69DE7BAE}.Debug|x64.Deploy.0 = Debug|x64
		{2A368E10-F27A-4A12-A402-C02C69DE7BAE}.Debug|x86.ActiveCfg = Debug|x86
		{2A368E10-F27A-4A12-A402-C02C69DE7BAE}.Debug|x86.Build.0 = Debug|x86
		{2A368E10-F27A-4A12-A402-C02C69DE7BAE}.Debug|x86.Deploy.0 = Debug|x86
		{2A368E10-F27A-4A12-A402-C02C69DE7BAE}.Release|Any CPU.ActiveCfg = Release|x86
		{2A368E10-F27A-4A12-A402-C02C69DE7BAE}.Release|ARM.ActiveCfg = Release|ARM
		{2A368E10-F27A-4A12-A402-C02C69DE7BAE}.Release|ARM.Build.0 = Release|ARM
		{2A368E10-F27A-4A12-A402-C02C69DE7BAE}.Release|ARM.Deploy.0 = Release|ARM
		{2A368E10-F27A-4A12-A402-C02C69DE7BAE}.Release|ARM64.ActiveCfg = Release|ARM64
		{2A368E10-F27A-4A12-A402-C02C69DE7BAE}.Release|ARM64.Build.0 = Release|ARM64
		{2A368E10-F27A-4A12-A402-C02C69DE7BAE}.Release|ARM64.Deploy.0 = Release|ARM64
		{2A368E10-F27A-4A12-A402-C02C69DE7BAE}.Release|x64.ActiveCfg = Release|x64
		{2A368E10-F27A-4A12-A402-C02C69DE7BAE}.Release|x64.Build.0 = Release|x64
		{2A368E10-F27A-4A12-A402-C02C69DE7BAE}.Release|x64.Deploy.0 = Release|x64
		{2A368E10-F27A-4A12-A402-C02C69DE7BAE}.Release|x86.ActiveCfg = Release|x86
		{2A368E10-F27A-4A12-A402-C02C69DE7BAE}.Release|x86.Build.0 = Release|x86
		{2A368E10-F27A-4A12-A402-C02C69DE7BAE}.Release|x86.Deploy.0 = Release|x86
		{D1B31D96-AFC8-4782-9CB6-8605A05351E5}.Debug|Any CPU.ActiveCfg = Debug|Any CPU
		{D1B31D96-AFC8-4782-9CB6-8605A05351E5}.Debug|Any CPU.Build.0 = Debug|Any CPU
		{D1B31D96-AFC8-4782-9CB6-8605A05351E5}.Debug|ARM.ActiveCfg = Debug|Any CPU
		{D1B31D96-AFC8-4782-9CB6-8605A05351E5}.Debug|ARM.Build.0 = Debug|Any CPU
		{D1B31D96-AFC8-4782-9CB6-8605A05351E5}.Debug|ARM64.ActiveCfg = Debug|Any CPU
		{D1B31D96-AFC8-4782-9CB6-8605A05351E5}.Debug|ARM64.Build.0 = Debug|Any CPU
		{D1B31D96-AFC8-4782-9CB6-8605A05351E5}.Debug|x64.ActiveCfg = Debug|Any CPU
		{D1B31D96-AFC8-4782-9CB6-8605A05351E5}.Debug|x64.Build.0 = Debug|Any CPU
		{D1B31D96-AFC8-4782-9CB6-8605A05351E5}.Debug|x86.ActiveCfg = Debug|Any CPU
		{D1B31D96-AFC8-4782-9CB6-8605A05351E5}.Debug|x86.Build.0 = Debug|Any CPU
		{D1B31D96-AFC8-4782-9CB6-8605A05351E5}.Release|Any CPU.ActiveCfg = Release|Any CPU
		{D1B31D96-AFC8-4782-9CB6-8605A05351E5}.Release|Any CPU.Build.0 = Release|Any CPU
		{D1B31D96-AFC8-4782-9CB6-8605A05351E5}.Release|ARM.ActiveCfg = Release|Any CPU
		{D1B31D96-AFC8-4782-9CB6-8605A05351E5}.Release|ARM.Build.0 = Release|Any CPU
		{D1B31D96-AFC8-4782-9CB6-8605A05351E5}.Release|ARM64.ActiveCfg = Release|Any CPU
		{D1B31D96-AFC8-4782-9CB6-8605A05351E5}.Release|ARM64.Build.0 = Release|Any CPU
		{D1B31D96-AFC8-4782-9CB6-8605A05351E5}.Release|x64.ActiveCfg = Release|Any CPU
		{D1B31D96-AFC8-4782-9CB6-8605A05351E5}.Release|x64.Build.0 = Release|Any CPU
		{D1B31D96-AFC8-4782-9CB6-8605A05351E5}.Release|x86.ActiveCfg = Release|Any CPU
		{D1B31D96-AFC8-4782-9CB6-8605A05351E5}.Release|x86.Build.0 = Release|Any CPU
		{5F0AFEB0-CE59-4267-84BB-CCA6986191B1}.Debug|Any CPU.ActiveCfg = Debug|Any CPU
		{5F0AFEB0-CE59-4267-84BB-CCA6986191B1}.Debug|Any CPU.Build.0 = Debug|Any CPU
		{5F0AFEB0-CE59-4267-84BB-CCA6986191B1}.Debug|ARM.ActiveCfg = Debug|Any CPU
		{5F0AFEB0-CE59-4267-84BB-CCA6986191B1}.Debug|ARM.Build.0 = Debug|Any CPU
		{5F0AFEB0-CE59-4267-84BB-CCA6986191B1}.Debug|ARM64.ActiveCfg = Debug|Any CPU
		{5F0AFEB0-CE59-4267-84BB-CCA6986191B1}.Debug|ARM64.Build.0 = Debug|Any CPU
		{5F0AFEB0-CE59-4267-84BB-CCA6986191B1}.Debug|x64.ActiveCfg = Debug|Any CPU
		{5F0AFEB0-CE59-4267-84BB-CCA6986191B1}.Debug|x64.Build.0 = Debug|Any CPU
		{5F0AFEB0-CE59-4267-84BB-CCA6986191B1}.Debug|x86.ActiveCfg = Debug|Any CPU
		{5F0AFEB0-CE59-4267-84BB-CCA6986191B1}.Debug|x86.Build.0 = Debug|Any CPU
		{5F0AFEB0-CE59-4267-84BB-CCA6986191B1}.Release|Any CPU.ActiveCfg = Release|Any CPU
		{5F0AFEB0-CE59-4267-84BB-CCA6986191B1}.Release|Any CPU.Build.0 = Release|Any CPU
		{5F0AFEB0-CE59-4267-84BB-CCA6986191B1}.Release|ARM.ActiveCfg = Release|Any CPU
		{5F0AFEB0-CE59-4267-84BB-CCA6986191B1}.Release|ARM.Build.0 = Release|Any CPU
		{5F0AFEB0-CE59-4267-84BB-CCA6986191B1}.Release|ARM64.ActiveCfg = Release|Any CPU
		{5F0AFEB0-CE59-4267-84BB-CCA6986191B1}.Release|ARM64.Build.0 = Release|Any CPU
		{5F0AFEB0-CE59-4267-84BB-CCA6986191B1}.Release|x64.ActiveCfg = Release|Any CPU
		{5F0AFEB0-CE59-4267-84BB-CCA6986191B1}.Release|x64.Build.0 = Release|Any CPU
		{5F0AFEB0-CE59-4267-84BB-CCA6986191B1}.Release|x86.ActiveCfg = Release|Any CPU
		{5F0AFEB0-CE59-4267-84BB-CCA6986191B1}.Release|x86.Build.0 = Release|Any CPU
		{2083CF4F-087F-4FB1-909D-993A56C7B82A}.Debug|Any CPU.ActiveCfg = Debug|x86
		{2083CF4F-087F-4FB1-909D-993A56C7B82A}.Debug|ARM.ActiveCfg = Debug|ARM
		{2083CF4F-087F-4FB1-909D-993A56C7B82A}.Debug|ARM.Build.0 = Debug|ARM
		{2083CF4F-087F-4FB1-909D-993A56C7B82A}.Debug|ARM.Deploy.0 = Debug|ARM
		{2083CF4F-087F-4FB1-909D-993A56C7B82A}.Debug|ARM64.ActiveCfg = Debug|ARM64
		{2083CF4F-087F-4FB1-909D-993A56C7B82A}.Debug|ARM64.Build.0 = Debug|ARM64
		{2083CF4F-087F-4FB1-909D-993A56C7B82A}.Debug|ARM64.Deploy.0 = Debug|ARM64
		{2083CF4F-087F-4FB1-909D-993A56C7B82A}.Debug|x64.ActiveCfg = Debug|x64
		{2083CF4F-087F-4FB1-909D-993A56C7B82A}.Debug|x64.Build.0 = Debug|x64
		{2083CF4F-087F-4FB1-909D-993A56C7B82A}.Debug|x64.Deploy.0 = Debug|x64
		{2083CF4F-087F-4FB1-909D-993A56C7B82A}.Debug|x86.ActiveCfg = Debug|x86
		{2083CF4F-087F-4FB1-909D-993A56C7B82A}.Debug|x86.Build.0 = Debug|x86
		{2083CF4F-087F-4FB1-909D-993A56C7B82A}.Debug|x86.Deploy.0 = Debug|x86
		{2083CF4F-087F-4FB1-909D-993A56C7B82A}.Release|Any CPU.ActiveCfg = Release|x86
		{2083CF4F-087F-4FB1-909D-993A56C7B82A}.Release|ARM.ActiveCfg = Release|ARM
		{2083CF4F-087F-4FB1-909D-993A56C7B82A}.Release|ARM.Build.0 = Release|ARM
		{2083CF4F-087F-4FB1-909D-993A56C7B82A}.Release|ARM.Deploy.0 = Release|ARM
		{2083CF4F-087F-4FB1-909D-993A56C7B82A}.Release|ARM64.ActiveCfg = Release|ARM64
		{2083CF4F-087F-4FB1-909D-993A56C7B82A}.Release|ARM64.Build.0 = Release|ARM64
		{2083CF4F-087F-4FB1-909D-993A56C7B82A}.Release|ARM64.Deploy.0 = Release|ARM64
		{2083CF4F-087F-4FB1-909D-993A56C7B82A}.Release|x64.ActiveCfg = Release|x64
		{2083CF4F-087F-4FB1-909D-993A56C7B82A}.Release|x64.Build.0 = Release|x64
		{2083CF4F-087F-4FB1-909D-993A56C7B82A}.Release|x64.Deploy.0 = Release|x64
		{2083CF4F-087F-4FB1-909D-993A56C7B82A}.Release|x86.ActiveCfg = Release|x86
		{2083CF4F-087F-4FB1-909D-993A56C7B82A}.Release|x86.Build.0 = Release|x86
		{2083CF4F-087F-4FB1-909D-993A56C7B82A}.Release|x86.Deploy.0 = Release|x86
	EndGlobalSection
	GlobalSection(SolutionProperties) = preSolution
		HideSolutionNode = FALSE
	EndGlobalSection
	GlobalSection(ExtensibilityGlobals) = postSolution
		SolutionGuid = {441EA6AA-4038-4F62-963B-BD7CB75EBDBA}
	EndGlobalSection
EndGlobal
